{
	"name": "luffa-ts-template",
	"version": "0.0.1",
	"lockfileVersion": 3,
	"requires": true,
	"packages": {
		"": {
			"name": "luffa-ts-template",
			"version": "0.0.1",
			"devDependencies": {
				"@tcsas/superapp-miniprogram-types": "^0.0.1",
				"typescript": "^5.8.2"
			}
		},
		"node_modules/@tcsas/superapp-miniprogram-types": {
			"version": "0.0.1",
			"resolved": "https://registry.npmjs.org/@tcsas/superapp-miniprogram-types/-/superapp-miniprogram-types-0.0.1.tgz",
			"integrity": "sha512-FZk3ARz0eQcLxSKXlwS7RS+vb5lMesM5qH5I2+B5dWNLuOKM3qrVVKZiC/fCENAmBMk4DA6YTs4pf5Ycjg5buQ==",
			"dev": true,
			"license": "MIT"
		},
		"node_modules/typescript": {
			"version": "5.9.3",
			"resolved": "https://registry.npmjs.org/typescript/-/typescript-5.9.3.tgz",
			"integrity": "sha512-jl1vZzPDinLr9eUt3J/t7V6FgNEw9QjvBPdysz9KfQDD41fQrC2Y4vKQdiaUpFT4bXlb1RHhLpp8wtm6M5TgSw==",
			"dev": true,
			"license": "Apache-2.0",
			"bin": {
				"tsc": "bin/tsc",
				"tsserver": "bin/tsserver"
			},
			"engines": {
				"node": ">=14.17"
			}
		}
	}
}
